
Microsoft Visual Studio Solution File, Format Version 12.00
# Visual Studio Version 16
VisualStudioVersion = 16.0.31624.102
MinimumVisualStudioVersion = 10.0.40219.1
Project("{FAE04EC0-301F-11D3-BF4B-00C04F79EFBC}") = "VentaRepuestoPractica.Consola", "VentaRepuestoPractica.Consola\VentaRepuestoPractica.Consola.csproj", "{DFFC87DD-CE6F-4AF3-8561-BD0D80A03C6F}"
EndProject
Project("{FAE04EC0-301F-11D3-BF4B-00C04F79EFBC}") = "VentaRepuestoPractica.Libreria", "VentaRepuestoPractica.Liberia\VentaRepuestoPractica.Libreria.csproj", "{29EC141F-3F45-4AE6-BD3A-2D1459DEAA2D}"
EndProject
Global
	GlobalSection(SolutionConfigurationPlatforms) = preSolution
		Debug|Any CPU = Debug|Any CPU
		Release|Any CPU = Release|Any CPU
	EndGlobalSection
	GlobalSection(ProjectConfigurationPlatforms) = postSolution
		{DFFC87DD-CE6F-4AF3-8561-BD0D80A03C6F}.Debug|Any CPU.ActiveCfg = Debug|Any CPU
		{DFFC87DD-CE6F-4AF3-8561-BD0D80A03C6F}.Debug|Any CPU.Build.0 = Debug|Any CPU
		{DFFC87DD-CE6F-4AF3-8561-BD0D80A03C6F}.Release|Any CPU.ActiveCfg = Release|Any CPU
		{DFFC87DD-CE6F-4AF3-8561-BD0D80A03C6F}.Release|Any CPU.Build.0 = Release|Any CPU
		{29EC141F-3F45-4AE6-BD3A-2D1459DEAA2D}.Debug|Any CPU.ActiveCfg = Debug|Any CPU
		{29EC141F-3F45-4AE6-BD3A-2D1459DEAA2D}.Debug|Any CPU.Build.0 = Debug|Any CPU
		{29EC141F-3F45-4AE6-BD3A-2D1459DEAA2D}.Release|Any CPU.ActiveCfg = Release|Any CPU
		{29EC141F-3F45-4AE6-BD3A-2D1459DEAA2D}.Release|Any CPU.Build.0 = Release|Any CPU
	EndGlobalSection
	GlobalSection(SolutionProperties) = preSolution
		HideSolutionNode = FALSE
	EndGlobalSection
	GlobalSection(ExtensibilityGlobals) = postSolution
		SolutionGuid = {B223901B-3C9A-4EF2-A51B-1433CBB005BA}
	EndGlobalSection
EndGlobal
