
Microsoft Visual Studio Solution File, Format Version 12.00
# Visual Studio Version 16
VisualStudioVersion = 16.0.31727.386
MinimumVisualStudioVersion = 10.0.40219.1
Project("{FAE04EC0-301F-11D3-BF4B-00C04F79EFBC}") = "IndumentariaPractica.Consola", "IndumentariaPractica.Consola\IndumentariaPractica.Consola.csproj", "{1841E3A5-7211-4381-ACF1-EDA495D3D64D}"
EndProject
Project("{FAE04EC0-301F-11D3-BF4B-00C04F79EFBC}") = "IndumentariaPractica.Libreria", "IndumentariaPractica.Libreria\IndumentariaPractica.Libreria.csproj", "{08C71DA6-F7A7-4C3A-B383-BBBDFE67303C}"
EndProject
Global
	GlobalSection(SolutionConfigurationPlatforms) = preSolution
		Debug|Any CPU = Debug|Any CPU
		Release|Any CPU = Release|Any CPU
	EndGlobalSection
	GlobalSection(ProjectConfigurationPlatforms) = postSolution
		{1841E3A5-7211-4381-ACF1-EDA495D3D64D}.Debug|Any CPU.ActiveCfg = Debug|Any CPU
		{1841E3A5-7211-4381-ACF1-EDA495D3D64D}.Debug|Any CPU.Build.0 = Debug|Any CPU
		{1841E3A5-7211-4381-ACF1-EDA495D3D64D}.Release|Any CPU.ActiveCfg = Release|Any CPU
		{1841E3A5-7211-4381-ACF1-EDA495D3D64D}.Release|Any CPU.Build.0 = Release|Any CPU
		{08C71DA6-F7A7-4C3A-B383-BBBDFE67303C}.Debug|Any CPU.ActiveCfg = Debug|Any CPU
		{08C71DA6-F7A7-4C3A-B383-BBBDFE67303C}.Debug|Any CPU.Build.0 = Debug|Any CPU
		{08C71DA6-F7A7-4C3A-B383-BBBDFE67303C}.Release|Any CPU.ActiveCfg = Release|Any CPU
		{08C71DA6-F7A7-4C3A-B383-BBBDFE67303C}.Release|Any CPU.Build.0 = Release|Any CPU
	EndGlobalSection
	GlobalSection(SolutionProperties) = preSolution
		HideSolutionNode = FALSE
	EndGlobalSection
	GlobalSection(ExtensibilityGlobals) = postSolution
		SolutionGuid = {B449820C-4033-44A7-A7A2-04169C217CB3}
	EndGlobalSection
EndGlobal
